// !$*UTF8*$!
{
	archiveVersion = 1;
	classes = {
	};
	objectVersion = 56;
	objects = {

/* Begin PBXBuildFile section */
		2243AFD22AF9E3A8009F80A8 /* AppDelegate.swift in Sources */ = {isa = PBXBuildFile; fileRef = 2243AFD12AF9E3A8009F80A8 /* AppDelegate.swift */; };
		2243AFDB2AF9E3AA009F80A8 /* Assets.xcassets in Resources */ = {isa = PBXBuildFile; fileRef = 2243AFDA2AF9E3AA009F80A8 /* Assets.xcassets */; };
		2243AFDE2AF9E3AA009F80A8 /* LaunchScreen.storyboard in Resources */ = {isa = PBXBuildFile; fileRef = 2243AFDC2AF9E3AA009F80A8 /* LaunchScreen.storyboard */; };
		2243AFF32AF9F9BD009F80A8 /* NiblessCollectionViewCell.swift in Sources */ = {isa = PBXBuildFile; fileRef = 2243AFED2AF9F9BD009F80A8 /* NiblessCollectionViewCell.swift */; };
		2243AFF42AF9F9BD009F80A8 /* NiblessView.swift in Sources */ = {isa = PBXBuildFile; fileRef = 2243AFEE2AF9F9BD009F80A8 /* NiblessView.swift */; };
		2243AFF52AF9F9BD009F80A8 /* NiblessTableViewCell.swift in Sources */ = {isa = PBXBuildFile; fileRef = 2243AFEF2AF9F9BD009F80A8 /* NiblessTableViewCell.swift */; };
		2243AFF62AF9F9BD009F80A8 /* NiblessTabBarController.swift in Sources */ = {isa = PBXBuildFile; fileRef = 2243AFF02AF9F9BD009F80A8 /* NiblessTabBarController.swift */; };
		2243AFF72AF9F9BD009F80A8 /* NiblessNavigationController.swift in Sources */ = {isa = PBXBuildFile; fileRef = 2243AFF12AF9F9BD009F80A8 /* NiblessNavigationController.swift */; };
		2243AFF82AF9F9BD009F80A8 /* NiblessViewController.swift in Sources */ = {isa = PBXBuildFile; fileRef = 2243AFF22AF9F9BD009F80A8 /* NiblessViewController.swift */; };
		2243B0052AF9FA99009F80A8 /* UIColor+Hex.swift in Sources */ = {isa = PBXBuildFile; fileRef = 2243AFFA2AF9FA95009F80A8 /* UIColor+Hex.swift */; };
		2243B0062AF9FA99009F80A8 /* UIImage+Color.swift in Sources */ = {isa = PBXBuildFile; fileRef = 2243AFFC2AF9FA96009F80A8 /* UIImage+Color.swift */; };
		2243B0072AF9FA99009F80A8 /* UIApplication+Run.swift in Sources */ = {isa = PBXBuildFile; fileRef = 2243AFFE2AF9FA97009F80A8 /* UIApplication+Run.swift */; };
		2243B0082AF9FA99009F80A8 /* UIApplication+SafeArea.swift in Sources */ = {isa = PBXBuildFile; fileRef = 2243AFFF2AF9FA97009F80A8 /* UIApplication+SafeArea.swift */; };
		2243B0092AF9FA99009F80A8 /* String+Size.swift in Sources */ = {isa = PBXBuildFile; fileRef = 2243B0012AF9FA98009F80A8 /* String+Size.swift */; };
		2243B00A2AF9FA99009F80A8 /* DeviceModel.swift in Sources */ = {isa = PBXBuildFile; fileRef = 2243B0032AF9FA99009F80A8 /* DeviceModel.swift */; };
		2243B00B2AF9FA99009F80A8 /* AutoScale.swift in Sources */ = {isa = PBXBuildFile; fileRef = 2243B0042AF9FA99009F80A8 /* AutoScale.swift */; };
		2243B0112AF9FADA009F80A8 /* Pullable.swift in Sources */ = {isa = PBXBuildFile; fileRef = 2243B00D2AF9FAD9009F80A8 /* Pullable.swift */; };
		2243B0122AF9FADB009F80A8 /* Reusable.swift in Sources */ = {isa = PBXBuildFile; fileRef = 2243B00F2AF9FADA009F80A8 /* Reusable.swift */; };
		2243B0132AF9FADB009F80A8 /* UITableViewCell+Reusable.swift in Sources */ = {isa = PBXBuildFile; fileRef = 2243B0102AF9FADA009F80A8 /* UITableViewCell+Reusable.swift */; };
		2243B01E2AFA06E8009F80A8 /* NavigationRouter.swift in Sources */ = {isa = PBXBuildFile; fileRef = 2243B0192AFA06E7009F80A8 /* NavigationRouter.swift */; };
		2243B01F2AFA06E8009F80A8 /* Router.swift in Sources */ = {isa = PBXBuildFile; fileRef = 2243B01A2AFA06E7009F80A8 /* Router.swift */; };
		2243B0202AFA06E8009F80A8 /* Coordinator.swift in Sources */ = {isa = PBXBuildFile; fileRef = 2243B01B2AFA06E7009F80A8 /* Coordinator.swift */; };
		2243B0212AFA06E8009F80A8 /* ModalNavigationRouter.swift in Sources */ = {isa = PBXBuildFile; fileRef = 2243B01C2AFA06E8009F80A8 /* ModalNavigationRouter.swift */; };
		2243B0222AFA06E8009F80A8 /* AppDelegateRouter.swift in Sources */ = {isa = PBXBuildFile; fileRef = 2243B01D2AFA06E8009F80A8 /* AppDelegateRouter.swift */; };
		2243B0252AFA0907009F80A8 /* UINavigationController+Combine.swift in Sources */ = {isa = PBXBuildFile; fileRef = 2243B0242AFA0907009F80A8 /* UINavigationController+Combine.swift */; };
		2243B0272AFA0DB4009F80A8 /* Entity.swift in Sources */ = {isa = PBXBuildFile; fileRef = 2243B0262AFA0DB4009F80A8 /* Entity.swift */; };
		2243B0292AFA0F32009F80A8 /* View.swift in Sources */ = {isa = PBXBuildFile; fileRef = 2243B0282AFA0F32009F80A8 /* View.swift */; };
		2243B02B2AFA0FAD009F80A8 /* ViewModel.swift in Sources */ = {isa = PBXBuildFile; fileRef = 2243B02A2AFA0FAD009F80A8 /* ViewModel.swift */; };
		2243B02D2AFA1037009F80A8 /* ViewInitializable.swift in Sources */ = {isa = PBXBuildFile; fileRef = 2243B02C2AFA1037009F80A8 /* ViewInitializable.swift */; };
		2243B0332AFA165A009F80A8 /* JSONEntity.swift in Sources */ = {isa = PBXBuildFile; fileRef = 2243B0322AFA1659009F80A8 /* JSONEntity.swift */; };
		2243B0352AFA1665009F80A8 /* Response+JSONEntityMapper.swift in Sources */ = {isa = PBXBuildFile; fileRef = 2243B0342AFA1664009F80A8 /* Response+JSONEntityMapper.swift */; };
		2243B0372AFA1D20009F80A8 /* PrimitiveSequence+JSONEntityMapper.swift in Sources */ = {isa = PBXBuildFile; fileRef = 2243B0362AFA1D20009F80A8 /* PrimitiveSequence+JSONEntityMapper.swift */; };
		2243B03D2AFA1FA6009F80A8 /* CacheManager.swift in Sources */ = {isa = PBXBuildFile; fileRef = 2243B03A2AFA1FA6009F80A8 /* CacheManager.swift */; };
		2243B03E2AFA1FA6009F80A8 /* NetworkClient.swift in Sources */ = {isa = PBXBuildFile; fileRef = 2243B03C2AFA1FA6009F80A8 /* NetworkClient.swift */; };
		2243B0422AFA20B6009F80A8 /* API.swift in Sources */ = {isa = PBXBuildFile; fileRef = 2243B0412AFA20B6009F80A8 /* API.swift */; };
		2243B04C2AFA227C009F80A8 /* GuideViewModel.swift in Sources */ = {isa = PBXBuildFile; fileRef = 2243B0452AFA227C009F80A8 /* GuideViewModel.swift */; };
		2243B04D2AFA227C009F80A8 /* GuideCoordinator.swift in Sources */ = {isa = PBXBuildFile; fileRef = 2243B0472AFA227C009F80A8 /* GuideCoordinator.swift */; };
		2243B04E2AFA227C009F80A8 /* GuideModel.swift in Sources */ = {isa = PBXBuildFile; fileRef = 2243B0492AFA227C009F80A8 /* GuideModel.swift */; };
		2243B04F2AFA227C009F80A8 /* GuideViewController.swift in Sources */ = {isa = PBXBuildFile; fileRef = 2243B04B2AFA227C009F80A8 /* GuideViewController.swift */; };
		2243B05B2AFA264B009F80A8 /* MainViewModelImpl.swift in Sources */ = {isa = PBXBuildFile; fileRef = 2243B0522AFA264B009F80A8 /* MainViewModelImpl.swift */; };
		2243B05C2AFA264B009F80A8 /* MainViewModel.swift in Sources */ = {isa = PBXBuildFile; fileRef = 2243B0532AFA264B009F80A8 /* MainViewModel.swift */; };
		2243B05D2AFA264B009F80A8 /* MainCoordinator.swift in Sources */ = {isa = PBXBuildFile; fileRef = 2243B0552AFA264B009F80A8 /* MainCoordinator.swift */; };
		2243B05E2AFA264B009F80A8 /* MainModelImpl.swift in Sources */ = {isa = PBXBuildFile; fileRef = 2243B0572AFA264B009F80A8 /* MainModelImpl.swift */; };
		2243B05F2AFA264B009F80A8 /* MainModel.swift in Sources */ = {isa = PBXBuildFile; fileRef = 2243B0582AFA264B009F80A8 /* MainModel.swift */; };
		2243B0602AFA264B009F80A8 /* MainViewController.swift in Sources */ = {isa = PBXBuildFile; fileRef = 2243B05A2AFA264B009F80A8 /* MainViewController.swift */; };
		2243B0982AFA267D009F80A8 /* AccountViewModel.swift in Sources */ = {isa = PBXBuildFile; fileRef = 2243B0632AFA2679009F80A8 /* AccountViewModel.swift */; };
		2243B0992AFA267D009F80A8 /* AccountCoordinator.swift in Sources */ = {isa = PBXBuildFile; fileRef = 2243B0652AFA2679009F80A8 /* AccountCoordinator.swift */; };
		2243B09A2AFA267D009F80A8 /* AccountModel.swift in Sources */ = {isa = PBXBuildFile; fileRef = 2243B0672AFA2679009F80A8 /* AccountModel.swift */; };
		2243B09B2AFA267D009F80A8 /* AccountViewController.swift in Sources */ = {isa = PBXBuildFile; fileRef = 2243B0692AFA2679009F80A8 /* AccountViewController.swift */; };
		2243B09C2AFA267D009F80A8 /* HomeViewModel.swift in Sources */ = {isa = PBXBuildFile; fileRef = 2243B06C2AFA267A009F80A8 /* HomeViewModel.swift */; };
		2243B09D2AFA267D009F80A8 /* HomeViewModelImpl.swift in Sources */ = {isa = PBXBuildFile; fileRef = 2243B06D2AFA267A009F80A8 /* HomeViewModelImpl.swift */; };
		2243B09E2AFA267D009F80A8 /* HomeCoordinator.swift in Sources */ = {isa = PBXBuildFile; fileRef = 2243B06F2AFA267A009F80A8 /* HomeCoordinator.swift */; };
		2243B09F2AFA267D009F80A8 /* HomeModel.swift in Sources */ = {isa = PBXBuildFile; fileRef = 2243B0712AFA267A009F80A8 /* HomeModel.swift */; };
		2243B0A02AFA267D009F80A8 /* HomeModelImpl.swift in Sources */ = {isa = PBXBuildFile; fileRef = 2243B0722AFA267A009F80A8 /* HomeModelImpl.swift */; };
		2243B0A12AFA267D009F80A8 /* HomeViewController.swift in Sources */ = {isa = PBXBuildFile; fileRef = 2243B0742AFA267A009F80A8 /* HomeViewController.swift */; };
		2243B0A22AFA267D009F80A8 /* LoginCellViewModel.swift in Sources */ = {isa = PBXBuildFile; fileRef = 2243B0772AFA267B009F80A8 /* LoginCellViewModel.swift */; };
		2243B0A32AFA267D009F80A8 /* LoginViewModelImpl.swift in Sources */ = {isa = PBXBuildFile; fileRef = 2243B0782AFA267B009F80A8 /* LoginViewModelImpl.swift */; };
		2243B0A42AFA267D009F80A8 /* LoginViewModel.swift in Sources */ = {isa = PBXBuildFile; fileRef = 2243B0792AFA267B009F80A8 /* LoginViewModel.swift */; };
		2243B0A52AFA267D009F80A8 /* LoginCellViewModelImpl.swift in Sources */ = {isa = PBXBuildFile; fileRef = 2243B07A2AFA267B009F80A8 /* LoginCellViewModelImpl.swift */; };
		2243B0A62AFA267D009F80A8 /* LoginCoordinator.swift in Sources */ = {isa = PBXBuildFile; fileRef = 2243B07C2AFA267B009F80A8 /* LoginCoordinator.swift */; };
		2243B0A72AFA267D009F80A8 /* LoginEntity.swift in Sources */ = {isa = PBXBuildFile; fileRef = 2243B07E2AFA267B009F80A8 /* LoginEntity.swift */; };
		2243B0A82AFA267D009F80A8 /* LoginCell.swift in Sources */ = {isa = PBXBuildFile; fileRef = 2243B0802AFA267B009F80A8 /* LoginCell.swift */; };
		2243B0A92AFA267D009F80A8 /* LoginViewController.swift in Sources */ = {isa = PBXBuildFile; fileRef = 2243B0812AFA267B009F80A8 /* LoginViewController.swift */; };
		2243B0AA2AFA267D009F80A8 /* ProductCellViewModel.swift in Sources */ = {isa = PBXBuildFile; fileRef = 2243B0842AFA267C009F80A8 /* ProductCellViewModel.swift */; };
		2243B0AB2AFA267D009F80A8 /* ProductViewModelImpl.swift in Sources */ = {isa = PBXBuildFile; fileRef = 2243B0852AFA267C009F80A8 /* ProductViewModelImpl.swift */; };
		2243B0AC2AFA267D009F80A8 /* ProductCellViewModelImpl.swift in Sources */ = {isa = PBXBuildFile; fileRef = 2243B0862AFA267C009F80A8 /* ProductCellViewModelImpl.swift */; };
		2243B0AD2AFA267D009F80A8 /* ProductViewModel.swift in Sources */ = {isa = PBXBuildFile; fileRef = 2243B0872AFA267C009F80A8 /* ProductViewModel.swift */; };
		2243B0AE2AFA267D009F80A8 /* ProductCoordinator.swift in Sources */ = {isa = PBXBuildFile; fileRef = 2243B0892AFA267C009F80A8 /* ProductCoordinator.swift */; };
		2243B0AF2AFA267D009F80A8 /* ProductEntity.swift in Sources */ = {isa = PBXBuildFile; fileRef = 2243B08B2AFA267C009F80A8 /* ProductEntity.swift */; };
		2243B0B02AFA267D009F80A8 /* ProductTableViewController.swift in Sources */ = {isa = PBXBuildFile; fileRef = 2243B08D2AFA267C009F80A8 /* ProductTableViewController.swift */; };
		2243B0B12AFA267D009F80A8 /* ProductTableViewCell.swift in Sources */ = {isa = PBXBuildFile; fileRef = 2243B08E2AFA267C009F80A8 /* ProductTableViewCell.swift */; };
		2243B0B22AFA267D009F80A8 /* SettingViewModel.swift in Sources */ = {isa = PBXBuildFile; fileRef = 2243B0912AFA267D009F80A8 /* SettingViewModel.swift */; };
		2243B0B32AFA267D009F80A8 /* SettingComponent.swift in Sources */ = {isa = PBXBuildFile; fileRef = 2243B0932AFA267D009F80A8 /* SettingComponent.swift */; };
		2243B0B42AFA267D009F80A8 /* SettingModel.swift in Sources */ = {isa = PBXBuildFile; fileRef = 2243B0952AFA267D009F80A8 /* SettingModel.swift */; };
		2243B0B52AFA267E009F80A8 /* SettingViewController.swift in Sources */ = {isa = PBXBuildFile; fileRef = 2243B0972AFA267D009F80A8 /* SettingViewController.swift */; };
		2243B0B72AFA2727009F80A8 /* Cell.swift in Sources */ = {isa = PBXBuildFile; fileRef = 2243B0B62AFA2727009F80A8 /* Cell.swift */; };
		2243B0B92AFA276C009F80A8 /* ListViewModel.swift in Sources */ = {isa = PBXBuildFile; fileRef = 2243B0B82AFA276C009F80A8 /* ListViewModel.swift */; };
		2243B0BB2AFA277A009F80A8 /* CellViewModel.swift in Sources */ = {isa = PBXBuildFile; fileRef = 2243B0BA2AFA277A009F80A8 /* CellViewModel.swift */; };
		7078BF301D7B2AD62EE26E3F /* Pods_Combine_MVVM_C.framework in Frameworks */ = {isa = PBXBuildFile; fileRef = 303D411F810326C036046AC4 /* Pods_Combine_MVVM_C.framework */; };
/* End PBXBuildFile section */

/* Begin PBXFileReference section */
		2243AFCE2AF9E3A8009F80A8 /* Combine-MVVM-C.app */ = {isa = PBXFileReference; explicitFileType = wrapper.application; includeInIndex = 0; path = "Combine-MVVM-C.app"; sourceTree = BUILT_PRODUCTS_DIR; };
		2243AFD12AF9E3A8009F80A8 /* AppDelegate.swift */ = {isa = PBXFileReference; lastKnownFileType = sourcecode.swift; path = AppDelegate.swift; sourceTree = "<group>"; };
		2243AFDA2AF9E3AA009F80A8 /* Assets.xcassets */ = {isa = PBXFileReference; lastKnownFileType = folder.assetcatalog; path = Assets.xcassets; sourceTree = "<group>"; };
		2243AFDD2AF9E3AA009F80A8 /* Base */ = {isa = PBXFileReference; lastKnownFileType = file.storyboard; name = Base; path = Base.lproj/LaunchScreen.storyboard; sourceTree = "<group>"; };
		2243AFDF2AF9E3AA009F80A8 /* Info.plist */ = {isa = PBXFileReference; lastKnownFileType = text.plist.xml; path = Info.plist; sourceTree = "<group>"; };
		2243AFED2AF9F9BD009F80A8 /* NiblessCollectionViewCell.swift */ = {isa = PBXFileReference; fileEncoding = 4; lastKnownFileType = sourcecode.swift; path = NiblessCollectionViewCell.swift; sourceTree = "<group>"; };
		2243AFEE2AF9F9BD009F80A8 /* NiblessView.swift */ = {isa = PBXFileReference; fileEncoding = 4; lastKnownFileType = sourcecode.swift; path = NiblessView.swift; sourceTree = "<group>"; };
		2243AFEF2AF9F9BD009F80A8 /* NiblessTableViewCell.swift */ = {isa = PBXFileReference; fileEncoding = 4; lastKnownFileType = sourcecode.swift; path = NiblessTableViewCell.swift; sourceTree = "<group>"; };
		2243AFF02AF9F9BD009F80A8 /* NiblessTabBarController.swift */ = {isa = PBXFileReference; fileEncoding = 4; lastKnownFileType = sourcecode.swift; path = NiblessTabBarController.swift; sourceTree = "<group>"; };
		2243AFF12AF9F9BD009F80A8 /* NiblessNavigationController.swift */ = {isa = PBXFileReference; fileEncoding = 4; lastKnownFileType = sourcecode.swift; path = NiblessNavigationController.swift; sourceTree = "<group>"; };
		2243AFF22AF9F9BD009F80A8 /* NiblessViewController.swift */ = {isa = PBXFileReference; fileEncoding = 4; lastKnownFileType = sourcecode.swift; path = NiblessViewController.swift; sourceTree = "<group>"; };
		2243AFFA2AF9FA95009F80A8 /* UIColor+Hex.swift */ = {isa = PBXFileReference; fileEncoding = 4; lastKnownFileType = sourcecode.swift; path = "UIColor+Hex.swift"; sourceTree = "<group>"; };
		2243AFFC2AF9FA96009F80A8 /* UIImage+Color.swift */ = {isa = PBXFileReference; fileEncoding = 4; lastKnownFileType = sourcecode.swift; path = "UIImage+Color.swift"; sourceTree = "<group>"; };
		2243AFFE2AF9FA97009F80A8 /* UIApplication+Run.swift */ = {isa = PBXFileReference; fileEncoding = 4; lastKnownFileType = sourcecode.swift; path = "UIApplication+Run.swift"; sourceTree = "<group>"; };
		2243AFFF2AF9FA97009F80A8 /* UIApplication+SafeArea.swift */ = {isa = PBXFileReference; fileEncoding = 4; lastKnownFileType = sourcecode.swift; path = "UIApplication+SafeArea.swift"; sourceTree = "<group>"; };
		2243B0012AF9FA98009F80A8 /* String+Size.swift */ = {isa = PBXFileReference; fileEncoding = 4; lastKnownFileType = sourcecode.swift; path = "String+Size.swift"; sourceTree = "<group>"; };
		2243B0032AF9FA99009F80A8 /* DeviceModel.swift */ = {isa = PBXFileReference; fileEncoding = 4; lastKnownFileType = sourcecode.swift; path = DeviceModel.swift; sourceTree = "<group>"; };
		2243B0042AF9FA99009F80A8 /* AutoScale.swift */ = {isa = PBXFileReference; fileEncoding = 4; lastKnownFileType = sourcecode.swift; path = AutoScale.swift; sourceTree = "<group>"; };
		2243B00D2AF9FAD9009F80A8 /* Pullable.swift */ = {isa = PBXFileReference; fileEncoding = 4; lastKnownFileType = sourcecode.swift; path = Pullable.swift; sourceTree = "<group>"; };
		2243B00F2AF9FADA009F80A8 /* Reusable.swift */ = {isa = PBXFileReference; fileEncoding = 4; lastKnownFileType = sourcecode.swift; path = Reusable.swift; sourceTree = "<group>"; };
		2243B0102AF9FADA009F80A8 /* UITableViewCell+Reusable.swift */ = {isa = PBXFileReference; fileEncoding = 4; lastKnownFileType = sourcecode.swift; path = "UITableViewCell+Reusable.swift"; sourceTree = "<group>"; };
		2243B0192AFA06E7009F80A8 /* NavigationRouter.swift */ = {isa = PBXFileReference; fileEncoding = 4; lastKnownFileType = sourcecode.swift; path = NavigationRouter.swift; sourceTree = "<group>"; };
		2243B01A2AFA06E7009F80A8 /* Router.swift */ = {isa = PBXFileReference; fileEncoding = 4; lastKnownFileType = sourcecode.swift; path = Router.swift; sourceTree = "<group>"; };
		2243B01B2AFA06E7009F80A8 /* Coordinator.swift */ = {isa = PBXFileReference; fileEncoding = 4; lastKnownFileType = sourcecode.swift; path = Coordinator.swift; sourceTree = "<group>"; };
		2243B01C2AFA06E8009F80A8 /* ModalNavigationRouter.swift */ = {isa = PBXFileReference; fileEncoding = 4; lastKnownFileType = sourcecode.swift; path = ModalNavigationRouter.swift; sourceTree = "<group>"; };
		2243B01D2AFA06E8009F80A8 /* AppDelegateRouter.swift */ = {isa = PBXFileReference; fileEncoding = 4; lastKnownFileType = sourcecode.swift; path = AppDelegateRouter.swift; sourceTree = "<group>"; };
		2243B0242AFA0907009F80A8 /* UINavigationController+Combine.swift */ = {isa = PBXFileReference; lastKnownFileType = sourcecode.swift; path = "UINavigationController+Combine.swift"; sourceTree = "<group>"; };
		2243B0262AFA0DB4009F80A8 /* Entity.swift */ = {isa = PBXFileReference; fileEncoding = 4; lastKnownFileType = sourcecode.swift; path = Entity.swift; sourceTree = "<group>"; };
		2243B0282AFA0F32009F80A8 /* View.swift */ = {isa = PBXFileReference; lastKnownFileType = sourcecode.swift; path = View.swift; sourceTree = "<group>"; };
		2243B02A2AFA0FAD009F80A8 /* ViewModel.swift */ = {isa = PBXFileReference; lastKnownFileType = sourcecode.swift; path = ViewModel.swift; sourceTree = "<group>"; };
		2243B02C2AFA1037009F80A8 /* ViewInitializable.swift */ = {isa = PBXFileReference; lastKnownFileType = sourcecode.swift; path = ViewInitializable.swift; sourceTree = "<group>"; };
		2243B0322AFA1659009F80A8 /* JSONEntity.swift */ = {isa = PBXFileReference; fileEncoding = 4; lastKnownFileType = sourcecode.swift; path = JSONEntity.swift; sourceTree = "<group>"; };
		2243B0342AFA1664009F80A8 /* Response+JSONEntityMapper.swift */ = {isa = PBXFileReference; fileEncoding = 4; lastKnownFileType = sourcecode.swift; path = "Response+JSONEntityMapper.swift"; sourceTree = "<group>"; };
		2243B0362AFA1D20009F80A8 /* PrimitiveSequence+JSONEntityMapper.swift */ = {isa = PBXFileReference; fileEncoding = 4; lastKnownFileType = sourcecode.swift; path = "PrimitiveSequence+JSONEntityMapper.swift"; sourceTree = "<group>"; };
		2243B03A2AFA1FA6009F80A8 /* CacheManager.swift */ = {isa = PBXFileReference; fileEncoding = 4; lastKnownFileType = sourcecode.swift; path = CacheManager.swift; sourceTree = "<group>"; };
		2243B03C2AFA1FA6009F80A8 /* NetworkClient.swift */ = {isa = PBXFileReference; fileEncoding = 4; lastKnownFileType = sourcecode.swift; path = NetworkClient.swift; sourceTree = "<group>"; };
		2243B0412AFA20B6009F80A8 /* API.swift */ = {isa = PBXFileReference; fileEncoding = 4; lastKnownFileType = sourcecode.swift; path = API.swift; sourceTree = "<group>"; };
		2243B0452AFA227C009F80A8 /* GuideViewModel.swift */ = {isa = PBXFileReference; fileEncoding = 4; lastKnownFileType = sourcecode.swift; path = GuideViewModel.swift; sourceTree = "<group>"; };
		2243B0472AFA227C009F80A8 /* GuideCoordinator.swift */ = {isa = PBXFileReference; fileEncoding = 4; lastKnownFileType = sourcecode.swift; path = GuideCoordinator.swift; sourceTree = "<group>"; };
		2243B0492AFA227C009F80A8 /* GuideModel.swift */ = {isa = PBXFileReference; fileEncoding = 4; lastKnownFileType = sourcecode.swift; path = GuideModel.swift; sourceTree = "<group>"; };
		2243B04B2AFA227C009F80A8 /* GuideViewController.swift */ = {isa = PBXFileReference; fileEncoding = 4; lastKnownFileType = sourcecode.swift; path = GuideViewController.swift; sourceTree = "<group>"; };
		2243B0522AFA264B009F80A8 /* MainViewModelImpl.swift */ = {isa = PBXFileReference; fileEncoding = 4; lastKnownFileType = sourcecode.swift; path = MainViewModelImpl.swift; sourceTree = "<group>"; };
		2243B0532AFA264B009F80A8 /* MainViewModel.swift */ = {isa = PBXFileReference; fileEncoding = 4; lastKnownFileType = sourcecode.swift; path = MainViewModel.swift; sourceTree = "<group>"; };
		2243B0552AFA264B009F80A8 /* MainCoordinator.swift */ = {isa = PBXFileReference; fileEncoding = 4; lastKnownFileType = sourcecode.swift; path = MainCoordinator.swift; sourceTree = "<group>"; };
		2243B0572AFA264B009F80A8 /* MainModelImpl.swift */ = {isa = PBXFileReference; fileEncoding = 4; lastKnownFileType = sourcecode.swift; path = MainModelImpl.swift; sourceTree = "<group>"; };
		2243B0582AFA264B009F80A8 /* MainModel.swift */ = {isa = PBXFileReference; fileEncoding = 4; lastKnownFileType = sourcecode.swift; path = MainModel.swift; sourceTree = "<group>"; };
		2243B05A2AFA264B009F80A8 /* MainViewController.swift */ = {isa = PBXFileReference; fileEncoding = 4; lastKnownFileType = sourcecode.swift; path = MainViewController.swift; sourceTree = "<group>"; };
		2243B0632AFA2679009F80A8 /* AccountViewModel.swift */ = {isa = PBXFileReference; fileEncoding = 4; lastKnownFileType = sourcecode.swift; path = AccountViewModel.swift; sourceTree = "<group>"; };
		2243B0652AFA2679009F80A8 /* AccountCoordinator.swift */ = {isa = PBXFileReference; fileEncoding = 4; lastKnownFileType = sourcecode.swift; path = AccountCoordinator.swift; sourceTree = "<group>"; };
		2243B0672AFA2679009F80A8 /* AccountModel.swift */ = {isa = PBXFileReference; fileEncoding = 4; lastKnownFileType = sourcecode.swift; path = AccountModel.swift; sourceTree = "<group>"; };
		2243B0692AFA2679009F80A8 /* AccountViewController.swift */ = {isa = PBXFileReference; fileEncoding = 4; lastKnownFileType = sourcecode.swift; path = AccountViewController.swift; sourceTree = "<group>"; };
		2243B06C2AFA267A009F80A8 /* HomeViewModel.swift */ = {isa = PBXFileReference; fileEncoding = 4; lastKnownFileType = sourcecode.swift; path = HomeViewModel.swift; sourceTree = "<group>"; };
		2243B06D2AFA267A009F80A8 /* HomeViewModelImpl.swift */ = {isa = PBXFileReference; fileEncoding = 4; lastKnownFileType = sourcecode.swift; path = HomeViewModelImpl.swift; sourceTree = "<group>"; };
		2243B06F2AFA267A009F80A8 /* HomeCoordinator.swift */ = {isa = PBXFileReference; fileEncoding = 4; lastKnownFileType = sourcecode.swift; path = HomeCoordinator.swift; sourceTree = "<group>"; };
		2243B0712AFA267A009F80A8 /* HomeModel.swift */ = {isa = PBXFileReference; fileEncoding = 4; lastKnownFileType = sourcecode.swift; path = HomeModel.swift; sourceTree = "<group>"; };
		2243B0722AFA267A009F80A8 /* HomeModelImpl.swift */ = {isa = PBXFileReference; fileEncoding = 4; lastKnownFileType = sourcecode.swift; path = HomeModelImpl.swift; sourceTree = "<group>"; };
		2243B0742AFA267A009F80A8 /* HomeViewController.swift */ = {isa = PBXFileReference; fileEncoding = 4; lastKnownFileType = sourcecode.swift; path = HomeViewController.swift; sourceTree = "<group>"; };
		2243B0772AFA267B009F80A8 /* LoginCellViewModel.swift */ = {isa = PBXFileReference; fileEncoding = 4; lastKnownFileType = sourcecode.swift; path = LoginCellViewModel.swift; sourceTree = "<group>"; };
		2243B0782AFA267B009F80A8 /* LoginViewModelImpl.swift */ = {isa = PBXFileReference; fileEncoding = 4; lastKnownFileType = sourcecode.swift; path = LoginViewModelImpl.swift; sourceTree = "<group>"; };
		2243B0792AFA267B009F80A8 /* LoginViewModel.swift */ = {isa = PBXFileReference; fileEncoding = 4; lastKnownFileType = sourcecode.swift; path = LoginViewModel.swift; sourceTree = "<group>"; };
		2243B07A2AFA267B009F80A8 /* LoginCellViewModelImpl.swift */ = {isa = PBXFileReference; fileEncoding = 4; lastKnownFileType = sourcecode.swift; path = LoginCellViewModelImpl.swift; sourceTree = "<group>"; };
		2243B07C2AFA267B009F80A8 /* LoginCoordinator.swift */ = {isa = PBXFileReference; fileEncoding = 4; lastKnownFileType = sourcecode.swift; path = LoginCoordinator.swift; sourceTree = "<group>"; };
		2243B07E2AFA267B009F80A8 /* LoginEntity.swift */ = {isa = PBXFileReference; fileEncoding = 4; lastKnownFileType = sourcecode.swift; path = LoginEntity.swift; sourceTree = "<group>"; };
		2243B0802AFA267B009F80A8 /* LoginCell.swift */ = {isa = PBXFileReference; fileEncoding = 4; lastKnownFileType = sourcecode.swift; path = LoginCell.swift; sourceTree = "<group>"; };
		2243B0812AFA267B009F80A8 /* LoginViewController.swift */ = {isa = PBXFileReference; fileEncoding = 4; lastKnownFileType = sourcecode.swift; path = LoginViewController.swift; sourceTree = "<group>"; };
		2243B0842AFA267C009F80A8 /* ProductCellViewModel.swift */ = {isa = PBXFileReference; fileEncoding = 4; lastKnownFileType = sourcecode.swift; path = ProductCellViewModel.swift; sourceTree = "<group>"; };
		2243B0852AFA267C009F80A8 /* ProductViewModelImpl.swift */ = {isa = PBXFileReference; fileEncoding = 4; lastKnownFileType = sourcecode.swift; path = ProductViewModelImpl.swift; sourceTree = "<group>"; };
		2243B0862AFA267C009F80A8 /* ProductCellViewModelImpl.swift */ = {isa = PBXFileReference; fileEncoding = 4; lastKnownFileType = sourcecode.swift; path = ProductCellViewModelImpl.swift; sourceTree = "<group>"; };
		2243B0872AFA267C009F80A8 /* ProductViewModel.swift */ = {isa = PBXFileReference; fileEncoding = 4; lastKnownFileType = sourcecode.swift; path = ProductViewModel.swift; sourceTree = "<group>"; };
		2243B0892AFA267C009F80A8 /* ProductCoordinator.swift */ = {isa = PBXFileReference; fileEncoding = 4; lastKnownFileType = sourcecode.swift; path = ProductCoordinator.swift; sourceTree = "<group>"; };
		2243B08B2AFA267C009F80A8 /* ProductEntity.swift */ = {isa = PBXFileReference; fileEncoding = 4; lastKnownFileType = sourcecode.swift; path = ProductEntity.swift; sourceTree = "<group>"; };
		2243B08D2AFA267C009F80A8 /* ProductTableViewController.swift */ = {isa = PBXFileReference; fileEncoding = 4; lastKnownFileType = sourcecode.swift; path = ProductTableViewController.swift; sourceTree = "<group>"; };
		2243B08E2AFA267C009F80A8 /* ProductTableViewCell.swift */ = {isa = PBXFileReference; fileEncoding = 4; lastKnownFileType = sourcecode.swift; path = ProductTableViewCell.swift; sourceTree = "<group>"; };
		2243B0912AFA267D009F80A8 /* SettingViewModel.swift */ = {isa = PBXFileReference; fileEncoding = 4; lastKnownFileType = sourcecode.swift; path = SettingViewModel.swift; sourceTree = "<group>"; };
		2243B0932AFA267D009F80A8 /* SettingComponent.swift */ = {isa = PBXFileReference; fileEncoding = 4; lastKnownFileType = sourcecode.swift; path = SettingComponent.swift; sourceTree = "<group>"; };
		2243B0952AFA267D009F80A8 /* SettingModel.swift */ = {isa = PBXFileReference; fileEncoding = 4; lastKnownFileType = sourcecode.swift; path = SettingModel.swift; sourceTree = "<group>"; };
		2243B0972AFA267D009F80A8 /* SettingViewController.swift */ = {isa = PBXFileReference; fileEncoding = 4; lastKnownFileType = sourcecode.swift; path = SettingViewController.swift; sourceTree = "<group>"; };
		2243B0B62AFA2727009F80A8 /* Cell.swift */ = {isa = PBXFileReference; lastKnownFileType = sourcecode.swift; path = Cell.swift; sourceTree = "<group>"; };
		2243B0B82AFA276C009F80A8 /* ListViewModel.swift */ = {isa = PBXFileReference; lastKnownFileType = sourcecode.swift; path = ListViewModel.swift; sourceTree = "<group>"; };
		2243B0BA2AFA277A009F80A8 /* CellViewModel.swift */ = {isa = PBXFileReference; lastKnownFileType = sourcecode.swift; path = CellViewModel.swift; sourceTree = "<group>"; };
		303D411F810326C036046AC4 /* Pods_Combine_MVVM_C.framework */ = {isa = PBXFileReference; explicitFileType = wrapper.framework; includeInIndex = 0; path = Pods_Combine_MVVM_C.framework; sourceTree = BUILT_PRODUCTS_DIR; };
		321434222EBC0F4189465F9D /* Pods-Combine-MVVM-C.release.xcconfig */ = {isa = PBXFileReference; includeInIndex = 1; lastKnownFileType = text.xcconfig; name = "Pods-Combine-MVVM-C.release.xcconfig"; path = "Target Support Files/Pods-Combine-MVVM-C/Pods-Combine-MVVM-C.release.xcconfig"; sourceTree = "<group>"; };
		DF41791CAB1902EE959658B8 /* Pods-Combine-MVVM-C.debug.xcconfig */ = {isa = PBXFileReference; includeInIndex = 1; lastKnownFileType = text.xcconfig; name = "Pods-Combine-MVVM-C.debug.xcconfig"; path = "Target Support Files/Pods-Combine-MVVM-C/Pods-Combine-MVVM-C.debug.xcconfig"; sourceTree = "<group>"; };
/* End PBXFileReference section */

/* Begin PBXFrameworksBuildPhase section */
		2243AFCB2AF9E3A8009F80A8 /* Frameworks */ = {
			isa = PBXFrameworksBuildPhase;
			buildActionMask = 2147483647;
			files = (
				7078BF301D7B2AD62EE26E3F /* Pods_Combine_MVVM_C.framework in Frameworks */,
			);
			runOnlyForDeploymentPostprocessing = 0;
		};
/* End PBXFrameworksBuildPhase section */

/* Begin PBXGroup section */
		2243AFC52AF9E3A8009F80A8 = {
			isa = PBXGroup;
			children = (
				2243AFD02AF9E3A8009F80A8 /* Combine-MVVM-C */,
				2243AFCF2AF9E3A8009F80A8 /* Products */,
				F89A18A3058A88EB28304BE9 /* Pods */,
				74180381C5230914BCBCDACA /* Frameworks */,
			);
			sourceTree = "<group>";
		};
		2243AFCF2AF9E3A8009F80A8 /* Products */ = {
			isa = PBXGroup;
			children = (
				2243AFCE2AF9E3A8009F80A8 /* Combine-MVVM-C.app */,
			);
			name = Products;
			sourceTree = "<group>";
		};
		2243AFD02AF9E3A8009F80A8 /* Combine-MVVM-C */ = {
			isa = PBXGroup;
			children = (
				2243AFEB2AF9F9B0009F80A8 /* Common */,
				2243B03F2AFA20B6009F80A8 /* Service */,
				2243AFE92AF9E430009F80A8 /* Module */,
				2243AFE52AF9E3CF009F80A8 /* AppDelegate */,
				2243AFE62AF9E3F5009F80A8 /* Resource */,
				2243AFE82AF9E411009F80A8 /* Supporting Files */,
			);
			path = "Combine-MVVM-C";
			sourceTree = "<group>";
		};
		2243AFE52AF9E3CF009F80A8 /* AppDelegate */ = {
			isa = PBXGroup;
			children = (
				2243AFD12AF9E3A8009F80A8 /* AppDelegate.swift */,
			);
			path = AppDelegate;
			sourceTree = "<group>";
		};
		2243AFE62AF9E3F5009F80A8 /* Resource */ = {
			isa = PBXGroup;
			children = (
				2243AFE72AF9E402009F80A8 /* Image */,
			);
			path = Resource;
			sourceTree = "<group>";
		};
		2243AFE72AF9E402009F80A8 /* Image */ = {
			isa = PBXGroup;
			children = (
				2243AFDA2AF9E3AA009F80A8 /* Assets.xcassets */,
			);
			path = Image;
			sourceTree = "<group>";
		};
		2243AFE82AF9E411009F80A8 /* Supporting Files */ = {
			isa = PBXGroup;
			children = (
				2243AFDF2AF9E3AA009F80A8 /* Info.plist */,
			);
			path = "Supporting Files";
			sourceTree = "<group>";
		};
		2243AFE92AF9E430009F80A8 /* Module */ = {
			isa = PBXGroup;
			children = (
				2243B06A2AFA267A009F80A8 /* Home */,
				2243B0822AFA267C009F80A8 /* Product */,
				2243B0612AFA2679009F80A8 /* Account */,
				2243B08F2AFA267D009F80A8 /* Setting */,
				2243B0752AFA267B009F80A8 /* Login */,
				2243B0502AFA264B009F80A8 /* Main */,
				2243B0432AFA227C009F80A8 /* Guide */,
				2243AFEA2AF9E43A009F80A8 /* Launch */,
			);
			path = Module;
			sourceTree = "<group>";
		};
		2243AFEA2AF9E43A009F80A8 /* Launch */ = {
			isa = PBXGroup;
			children = (
				2243AFDC2AF9E3AA009F80A8 /* LaunchScreen.storyboard */,
			);
			path = Launch;
			sourceTree = "<group>";
		};
		2243AFEB2AF9F9B0009F80A8 /* Common */ = {
			isa = PBXGroup;
			children = (
				2243B0142AF9FBC3009F80A8 /* MVVM-C */,
				2243AFEC2AF9F9BD009F80A8 /* Nibless */,
				2243B0382AFA1FA6009F80A8 /* Repository */,
				2243B00C2AF9FAD9009F80A8 /* Pullable */,
				2243B00E2AF9FADA009F80A8 /* Reusable */,
				2243B0002AF9FA98009F80A8 /* String */,
				2243B0022AF9FA99009F80A8 /* UIAdaptSize */,
				2243AFFD2AF9FA97009F80A8 /* UIApplication */,
				2243AFF92AF9FA95009F80A8 /* UIColor */,
				2243AFFB2AF9FA96009F80A8 /* UIImage */,
				2243B0232AFA08E7009F80A8 /* UINavigationController */,
			);
			path = Common;
			sourceTree = "<group>";
		};
		2243AFEC2AF9F9BD009F80A8 /* Nibless */ = {
			isa = PBXGroup;
			children = (
				2243AFEE2AF9F9BD009F80A8 /* NiblessView.swift */,
				2243AFF22AF9F9BD009F80A8 /* NiblessViewController.swift */,
				2243AFF12AF9F9BD009F80A8 /* NiblessNavigationController.swift */,
				2243AFF02AF9F9BD009F80A8 /* NiblessTabBarController.swift */,
				2243AFEF2AF9F9BD009F80A8 /* NiblessTableViewCell.swift */,
				2243AFED2AF9F9BD009F80A8 /* NiblessCollectionViewCell.swift */,
			);
			path = Nibless;
			sourceTree = "<group>";
		};
		2243AFF92AF9FA95009F80A8 /* UIColor */ = {
			isa = PBXGroup;
			children = (
				2243AFFA2AF9FA95009F80A8 /* UIColor+Hex.swift */,
			);
			path = UIColor;
			sourceTree = "<group>";
		};
		2243AFFB2AF9FA96009F80A8 /* UIImage */ = {
			isa = PBXGroup;
			children = (
				2243AFFC2AF9FA96009F80A8 /* UIImage+Color.swift */,
			);
			path = UIImage;
			sourceTree = "<group>";
		};
		2243AFFD2AF9FA97009F80A8 /* UIApplication */ = {
			isa = PBXGroup;
			children = (
				2243AFFE2AF9FA97009F80A8 /* UIApplication+Run.swift */,
				2243AFFF2AF9FA97009F80A8 /* UIApplication+SafeArea.swift */,
			);
			path = UIApplication;
			sourceTree = "<group>";
		};
		2243B0002AF9FA98009F80A8 /* String */ = {
			isa = PBXGroup;
			children = (
				2243B0012AF9FA98009F80A8 /* String+Size.swift */,
			);
			path = String;
			sourceTree = "<group>";
		};
		2243B0022AF9FA99009F80A8 /* UIAdaptSize */ = {
			isa = PBXGroup;
			children = (
				2243B0042AF9FA99009F80A8 /* AutoScale.swift */,
				2243B0032AF9FA99009F80A8 /* DeviceModel.swift */,
			);
			path = UIAdaptSize;
			sourceTree = "<group>";
		};
		2243B00C2AF9FAD9009F80A8 /* Pullable */ = {
			isa = PBXGroup;
			children = (
				2243B00D2AF9FAD9009F80A8 /* Pullable.swift */,
			);
			path = Pullable;
			sourceTree = "<group>";
		};
		2243B00E2AF9FADA009F80A8 /* Reusable */ = {
			isa = PBXGroup;
			children = (
				2243B00F2AF9FADA009F80A8 /* Reusable.swift */,
				2243B0102AF9FADA009F80A8 /* UITableViewCell+Reusable.swift */,
			);
			path = Reusable;
			sourceTree = "<group>";
		};
		2243B0142AF9FBC3009F80A8 /* MVVM-C */ = {
			isa = PBXGroup;
			children = (
				2243B0182AF9FE70009F80A8 /* Coordinator */,
				2243B0172AF9FE6A009F80A8 /* ViewModel */,
				2243B0162AF9FE66009F80A8 /* View */,
				2243B0152AF9FE5C009F80A8 /* Model */,
			);
			path = "MVVM-C";
			sourceTree = "<group>";
		};
		2243B0152AF9FE5C009F80A8 /* Model */ = {
			isa = PBXGroup;
			children = (
				2243B0262AFA0DB4009F80A8 /* Entity.swift */,
				2243B0322AFA1659009F80A8 /* JSONEntity.swift */,
				2243B0342AFA1664009F80A8 /* Response+JSONEntityMapper.swift */,
				2243B0362AFA1D20009F80A8 /* PrimitiveSequence+JSONEntityMapper.swift */,
			);
			path = Model;
			sourceTree = "<group>";
		};
		2243B0162AF9FE66009F80A8 /* View */ = {
			isa = PBXGroup;
			children = (
				2243B0282AFA0F32009F80A8 /* View.swift */,
				2243B02C2AFA1037009F80A8 /* ViewInitializable.swift */,
				2243B0B62AFA2727009F80A8 /* Cell.swift */,
			);
			path = View;
			sourceTree = "<group>";
		};
		2243B0172AF9FE6A009F80A8 /* ViewModel */ = {
			isa = PBXGroup;
			children = (
				2243B02A2AFA0FAD009F80A8 /* ViewModel.swift */,
				2243B0B82AFA276C009F80A8 /* ListViewModel.swift */,
				2243B0BA2AFA277A009F80A8 /* CellViewModel.swift */,
			);
			path = ViewModel;
			sourceTree = "<group>";
		};
		2243B0182AF9FE70009F80A8 /* Coordinator */ = {
			isa = PBXGroup;
			children = (
				2243B01A2AFA06E7009F80A8 /* Router.swift */,
				2243B01D2AFA06E8009F80A8 /* AppDelegateRouter.swift */,
				2243B0192AFA06E7009F80A8 /* NavigationRouter.swift */,
				2243B01C2AFA06E8009F80A8 /* ModalNavigationRouter.swift */,
				2243B01B2AFA06E7009F80A8 /* Coordinator.swift */,
			);
			path = Coordinator;
			sourceTree = "<group>";
		};
		2243B0232AFA08E7009F80A8 /* UINavigationController */ = {
			isa = PBXGroup;
			children = (
				2243B0242AFA0907009F80A8 /* UINavigationController+Combine.swift */,
			);
			path = UINavigationController;
			sourceTree = "<group>";
		};
		2243B0382AFA1FA6009F80A8 /* Repository */ = {
			isa = PBXGroup;
			children = (
				2243B0392AFA1FA6009F80A8 /* Persistence */,
				2243B03B2AFA1FA6009F80A8 /* Remote */,
			);
			path = Repository;
			sourceTree = "<group>";
		};
		2243B0392AFA1FA6009F80A8 /* Persistence */ = {
			isa = PBXGroup;
			children = (
				2243B03A2AFA1FA6009F80A8 /* CacheManager.swift */,
			);
			path = Persistence;
			sourceTree = "<group>";
		};
		2243B03B2AFA1FA6009F80A8 /* Remote */ = {
			isa = PBXGroup;
			children = (
				2243B03C2AFA1FA6009F80A8 /* NetworkClient.swift */,
			);
			path = Remote;
			sourceTree = "<group>";
		};
		2243B03F2AFA20B6009F80A8 /* Service */ = {
			isa = PBXGroup;
			children = (
				2243B0402AFA20B6009F80A8 /* RemoteAPI */,
			);
			path = Service;
			sourceTree = "<group>";
		};
		2243B0402AFA20B6009F80A8 /* RemoteAPI */ = {
			isa = PBXGroup;
			children = (
				2243B0412AFA20B6009F80A8 /* API.swift */,
			);
			path = RemoteAPI;
			sourceTree = "<group>";
		};
		2243B0432AFA227C009F80A8 /* Guide */ = {
			isa = PBXGroup;
			children = (
				2243B0462AFA227C009F80A8 /* Coordinator */,
				2243B0442AFA227C009F80A8 /* ViewModel */,
				2243B04A2AFA227C009F80A8 /* View */,
				2243B0482AFA227C009F80A8 /* Model */,
			);
			path = Guide;
			sourceTree = "<group>";
		};
		2243B0442AFA227C009F80A8 /* ViewModel */ = {
			isa = PBXGroup;
			children = (
				2243B0452AFA227C009F80A8 /* GuideViewModel.swift */,
			);
			path = ViewModel;
			sourceTree = "<group>";
		};
		2243B0462AFA227C009F80A8 /* Coordinator */ = {
			isa = PBXGroup;
			children = (
				2243B0472AFA227C009F80A8 /* GuideCoordinator.swift */,
			);
			path = Coordinator;
			sourceTree = "<group>";
		};
		2243B0482AFA227C009F80A8 /* Model */ = {
			isa = PBXGroup;
			children = (
				2243B0492AFA227C009F80A8 /* GuideModel.swift */,
			);
			path = Model;
			sourceTree = "<group>";
		};
		2243B04A2AFA227C009F80A8 /* View */ = {
			isa = PBXGroup;
			children = (
				2243B04B2AFA227C009F80A8 /* GuideViewController.swift */,
			);
			path = View;
			sourceTree = "<group>";
		};
		2243B0502AFA264B009F80A8 /* Main */ = {
			isa = PBXGroup;
			children = (
				2243B0542AFA264B009F80A8 /* Coordinator */,
				2243B0512AFA264B009F80A8 /* ViewModel */,
				2243B0592AFA264B009F80A8 /* View */,
				2243B0562AFA264B009F80A8 /* Model */,
			);
			path = Main;
			sourceTree = "<group>";
		};
		2243B0512AFA264B009F80A8 /* ViewModel */ = {
			isa = PBXGroup;
			children = (
				2243B0532AFA264B009F80A8 /* MainViewModel.swift */,
				2243B0522AFA264B009F80A8 /* MainViewModelImpl.swift */,
			);
			path = ViewModel;
			sourceTree = "<group>";
		};
		2243B0542AFA264B009F80A8 /* Coordinator */ = {
			isa = PBXGroup;
			children = (
				2243B0552AFA264B009F80A8 /* MainCoordinator.swift */,
			);
			path = Coordinator;
			sourceTree = "<group>";
		};
		2243B0562AFA264B009F80A8 /* Model */ = {
			isa = PBXGroup;
			children = (
				2243B0582AFA264B009F80A8 /* MainModel.swift */,
				2243B0572AFA264B009F80A8 /* MainModelImpl.swift */,
			);
			path = Model;
			sourceTree = "<group>";
		};
		2243B0592AFA264B009F80A8 /* View */ = {
			isa = PBXGroup;
			children = (
				2243B05A2AFA264B009F80A8 /* MainViewController.swift */,
			);
			path = View;
			sourceTree = "<group>";
		};
		2243B0612AFA2679009F80A8 /* Account */ = {
			isa = PBXGroup;
			children = (
				2243B0642AFA2679009F80A8 /* Coordinator */,
				2243B0622AFA2679009F80A8 /* ViewModel */,
				2243B0682AFA2679009F80A8 /* View */,
				2243B0662AFA2679009F80A8 /* Model */,
			);
			path = Account;
			sourceTree = "<group>";
		};
		2243B0622AFA2679009F80A8 /* ViewModel */ = {
			isa = PBXGroup;
			children = (
				2243B0632AFA2679009F80A8 /* AccountViewModel.swift */,
			);
			path = ViewModel;
			sourceTree = "<group>";
		};
		2243B0642AFA2679009F80A8 /* Coordinator */ = {
			isa = PBXGroup;
			children = (
				2243B0652AFA2679009F80A8 /* AccountCoordinator.swift */,
			);
			path = Coordinator;
			sourceTree = "<group>";
		};
		2243B0662AFA2679009F80A8 /* Model */ = {
			isa = PBXGroup;
			children = (
				2243B0672AFA2679009F80A8 /* AccountModel.swift */,
			);
			path = Model;
			sourceTree = "<group>";
		};
		2243B0682AFA2679009F80A8 /* View */ = {
			isa = PBXGroup;
			children = (
				2243B0692AFA2679009F80A8 /* AccountViewController.swift */,
			);
			path = View;
			sourceTree = "<group>";
		};
		2243B06A2AFA267A009F80A8 /* Home */ = {
			isa = PBXGroup;
			children = (
				2243B06E2AFA267A009F80A8 /* Coordinator */,
				2243B06B2AFA267A009F80A8 /* ViewModel */,
				2243B0732AFA267A009F80A8 /* View */,
				2243B0702AFA267A009F80A8 /* Model */,
			);
			path = Home;
			sourceTree = "<group>";
		};
		2243B06B2AFA267A009F80A8 /* ViewModel */ = {
			isa = PBXGroup;
			children = (
				2243B06C2AFA267A009F80A8 /* HomeViewModel.swift */,
				2243B06D2AFA267A009F80A8 /* HomeViewModelImpl.swift */,
			);
			path = ViewModel;
			sourceTree = "<group>";
		};
		2243B06E2AFA267A009F80A8 /* Coordinator */ = {
			isa = PBXGroup;
			children = (
				2243B06F2AFA267A009F80A8 /* HomeCoordinator.swift */,
			);
			path = Coordinator;
			sourceTree = "<group>";
		};
		2243B0702AFA267A009F80A8 /* Model */ = {
			isa = PBXGroup;
			children = (
				2243B0712AFA267A009F80A8 /* HomeModel.swift */,
				2243B0722AFA267A009F80A8 /* HomeModelImpl.swift */,
			);
			path = Model;
			sourceTree = "<group>";
		};
		2243B0732AFA267A009F80A8 /* View */ = {
			isa = PBXGroup;
			children = (
				2243B0742AFA267A009F80A8 /* HomeViewController.swift */,
			);
			path = View;
			sourceTree = "<group>";
		};
		2243B0752AFA267B009F80A8 /* Login */ = {
			isa = PBXGroup;
			children = (
				2243B07B2AFA267B009F80A8 /* Component */,
				2243B0762AFA267B009F80A8 /* ViewModel */,
				2243B07F2AFA267B009F80A8 /* View */,
				2243B07D2AFA267B009F80A8 /* Model */,
			);
			path = Login;
			sourceTree = "<group>";
		};
		2243B0762AFA267B009F80A8 /* ViewModel */ = {
			isa = PBXGroup;
			children = (
				2243B0792AFA267B009F80A8 /* LoginViewModel.swift */,
				2243B0782AFA267B009F80A8 /* LoginViewModelImpl.swift */,
				2243B0772AFA267B009F80A8 /* LoginCellViewModel.swift */,
				2243B07A2AFA267B009F80A8 /* LoginCellViewModelImpl.swift */,
			);
			path = ViewModel;
			sourceTree = "<group>";
		};
		2243B07B2AFA267B009F80A8 /* Component */ = {
			isa = PBXGroup;
			children = (
				2243B07C2AFA267B009F80A8 /* LoginCoordinator.swift */,
			);
			path = Component;
			sourceTree = "<group>";
		};
		2243B07D2AFA267B009F80A8 /* Model */ = {
			isa = PBXGroup;
			children = (
				2243B07E2AFA267B009F80A8 /* LoginEntity.swift */,
			);
			path = Model;
			sourceTree = "<group>";
		};
		2243B07F2AFA267B009F80A8 /* View */ = {
			isa = PBXGroup;
			children = (
				2243B0812AFA267B009F80A8 /* LoginViewController.swift */,
				2243B0802AFA267B009F80A8 /* LoginCell.swift */,
			);
			path = View;
			sourceTree = "<group>";
		};
		2243B0822AFA267C009F80A8 /* Product */ = {
			isa = PBXGroup;
			children = (
				2243B0882AFA267C009F80A8 /* Coordinator */,
				2243B0832AFA267C009F80A8 /* ViewModel */,
				2243B08C2AFA267C009F80A8 /* View */,
				2243B08A2AFA267C009F80A8 /* Model */,
			);
			path = Product;
			sourceTree = "<group>";
		};
		2243B0832AFA267C009F80A8 /* ViewModel */ = {
			isa = PBXGroup;
			children = (
				2243B0872AFA267C009F80A8 /* ProductViewModel.swift */,
				2243B0852AFA267C009F80A8 /* ProductViewModelImpl.swift */,
				2243B0842AFA267C009F80A8 /* ProductCellViewModel.swift */,
				2243B0862AFA267C009F80A8 /* ProductCellViewModelImpl.swift */,
			);
			path = ViewModel;
			sourceTree = "<group>";
		};
		2243B0882AFA267C009F80A8 /* Coordinator */ = {
			isa = PBXGroup;
			children = (
				2243B0892AFA267C009F80A8 /* ProductCoordinator.swift */,
			);
			path = Coordinator;
			sourceTree = "<group>";
		};
		2243B08A2AFA267C009F80A8 /* Model */ = {
			isa = PBXGroup;
			children = (
				2243B08B2AFA267C009F80A8 /* ProductEntity.swift */,
			);
			path = Model;
			sourceTree = "<group>";
		};
		2243B08C2AFA267C009F80A8 /* View */ = {
			isa = PBXGroup;
			children = (
				2243B08D2AFA267C009F80A8 /* ProductTableViewController.swift */,
				2243B08E2AFA267C009F80A8 /* ProductTableViewCell.swift */,
			);
			path = View;
			sourceTree = "<group>";
		};
		2243B08F2AFA267D009F80A8 /* Setting */ = {
			isa = PBXGroup;
			children = (
				2243B0922AFA267D009F80A8 /* Component */,
				2243B0902AFA267D009F80A8 /* ViewModel */,
				2243B0962AFA267D009F80A8 /* View */,
				2243B0942AFA267D009F80A8 /* Model */,
			);
			path = Setting;
			sourceTree = "<group>";
		};
		2243B0902AFA267D009F80A8 /* ViewModel */ = {
			isa = PBXGroup;
			children = (
				2243B0912AFA267D009F80A8 /* SettingViewModel.swift */,
			);
			path = ViewModel;
			sourceTree = "<group>";
		};
		2243B0922AFA267D009F80A8 /* Component */ = {
			isa = PBXGroup;
			children = (
				2243B0932AFA267D009F80A8 /* SettingComponent.swift */,
			);
			path = Component;
			sourceTree = "<group>";
		};
		2243B0942AFA267D009F80A8 /* Model */ = {
			isa = PBXGroup;
			children = (
				2243B0952AFA267D009F80A8 /* SettingModel.swift */,
			);
			path = Model;
			sourceTree = "<group>";
		};
		2243B0962AFA267D009F80A8 /* View */ = {
			isa = PBXGroup;
			children = (
				2243B0972AFA267D009F80A8 /* SettingViewController.swift */,
			);
			path = View;
			sourceTree = "<group>";
		};
		74180381C5230914BCBCDACA /* Frameworks */ = {
			isa = PBXGroup;
			children = (
				303D411F810326C036046AC4 /* Pods_Combine_MVVM_C.framework */,
			);
			name = Frameworks;
			sourceTree = "<group>";
		};
		F89A18A3058A88EB28304BE9 /* Pods */ = {
			isa = PBXGroup;
			children = (
				DF41791CAB1902EE959658B8 /* Pods-Combine-MVVM-C.debug.xcconfig */,
				321434222EBC0F4189465F9D /* Pods-Combine-MVVM-C.release.xcconfig */,
			);
			path = Pods;
			sourceTree = "<group>";
		};
/* End PBXGroup section */

/* Begin PBXNativeTarget section */
		2243AFCD2AF9E3A8009F80A8 /* Combine-MVVM-C */ = {
			isa = PBXNativeTarget;
			buildConfigurationList = 2243AFE22AF9E3AA009F80A8 /* Build configuration list for PBXNativeTarget "Combine-MVVM-C" */;
			buildPhases = (
				7465B62A41080BAD35822500 /* [CP] Check Pods Manifest.lock */,
				2243AFCA2AF9E3A8009F80A8 /* Sources */,
				2243AFCB2AF9E3A8009F80A8 /* Frameworks */,
				2243AFCC2AF9E3A8009F80A8 /* Resources */,
				BDCAEF94AD18993B6553C914 /* [CP] Embed Pods Frameworks */,
			);
			buildRules = (
			);
			dependencies = (
			);
			name = "Combine-MVVM-C";
			productName = "Combine-MVVM-C";
			productReference = 2243AFCE2AF9E3A8009F80A8 /* Combine-MVVM-C.app */;
			productType = "com.apple.product-type.application";
		};
/* End PBXNativeTarget section */

/* Begin PBXProject section */
		2243AFC62AF9E3A8009F80A8 /* Project object */ = {
			isa = PBXProject;
			attributes = {
				BuildIndependentTargetsInParallel = 1;
				LastSwiftUpdateCheck = 1500;
				LastUpgradeCheck = 1500;
				TargetAttributes = {
					2243AFCD2AF9E3A8009F80A8 = {
						CreatedOnToolsVersion = 15.0.1;
					};
				};
			};
			buildConfigurationList = 2243AFC92AF9E3A8009F80A8 /* Build configuration list for PBXProject "Combine-MVVM-C" */;
			compatibilityVersion = "Xcode 14.0";
			developmentRegion = en;
			hasScannedForEncodings = 0;
			knownRegions = (
				en,
				Base,
			);
			mainGroup = 2243AFC52AF9E3A8009F80A8;
			productRefGroup = 2243AFCF2AF9E3A8009F80A8 /* Products */;
			projectDirPath = "";
			projectRoot = "";
			targets = (
				2243AFCD2AF9E3A8009F80A8 /* Combine-MVVM-C */,
			);
		};
/* End PBXProject section */

/* Begin PBXResourcesBuildPhase section */
		2243AFCC2AF9E3A8009F80A8 /* Resources */ = {
			isa = PBXResourcesBuildPhase;
			buildActionMask = 2147483647;
			files = (
				2243AFDE2AF9E3AA009F80A8 /* LaunchScreen.storyboard in Resources */,
				2243AFDB2AF9E3AA009F80A8 /* Assets.xcassets in Resources */,
			);
			runOnlyForDeploymentPostprocessing = 0;
		};
/* End PBXResourcesBuildPhase section */

/* Begin PBXShellScriptBuildPhase section */
		7465B62A41080BAD35822500 /* [CP] Check Pods Manifest.lock */ = {
			isa = PBXShellScriptBuildPhase;
			buildActionMask = 2147483647;
			files = (
			);
			inputFileListPaths = (
			);
			inputPaths = (
				"${PODS_PODFILE_DIR_PATH}/Podfile.lock",
				"${PODS_ROOT}/Manifest.lock",
			);
			name = "[CP] Check Pods Manifest.lock";
			outputFileListPaths = (
			);
			outputPaths = (
				"$(DERIVED_FILE_DIR)/Pods-Combine-MVVM-C-checkManifestLockResult.txt",
			);
			runOnlyForDeploymentPostprocessing = 0;
			shellPath = /bin/sh;
			shellScript = "diff \"${PODS_PODFILE_DIR_PATH}/Podfile.lock\" \"${PODS_ROOT}/Manifest.lock\" > /dev/null\nif [ $? != 0 ] ; then\n    # print error to STDERR\n    echo \"error: The sandbox is not in sync with the Podfile.lock. Run 'pod install' or update your CocoaPods installation.\" >&2\n    exit 1\nfi\n# This output is used by Xcode 'outputs' to avoid re-running this script phase.\necho \"SUCCESS\" > \"${SCRIPT_OUTPUT_FILE_0}\"\n";
			showEnvVarsInLog = 0;
		};
		BDCAEF94AD18993B6553C914 /* [CP] Embed Pods Frameworks */ = {
			isa = PBXShellScriptBuildPhase;
			buildActionMask = 2147483647;
			files = (
			);
			inputFileListPaths = (
				"${PODS_ROOT}/Target Support Files/Pods-Combine-MVVM-C/Pods-Combine-MVVM-C-frameworks-${CONFIGURATION}-input-files.xcfilelist",
			);
			name = "[CP] Embed Pods Frameworks";
			outputFileListPaths = (
				"${PODS_ROOT}/Target Support Files/Pods-Combine-MVVM-C/Pods-Combine-MVVM-C-frameworks-${CONFIGURATION}-output-files.xcfilelist",
			);
			runOnlyForDeploymentPostprocessing = 0;
			shellPath = /bin/sh;
			shellScript = "\"${PODS_ROOT}/Target Support Files/Pods-Combine-MVVM-C/Pods-Combine-MVVM-C-frameworks.sh\"\n";
			showEnvVarsInLog = 0;
		};
/* End PBXShellScriptBuildPhase section */

/* Begin PBXSourcesBuildPhase section */
		2243AFCA2AF9E3A8009F80A8 /* Sources */ = {
			isa = PBXSourcesBuildPhase;
			buildActionMask = 2147483647;
			files = (
				2243B0A22AFA267D009F80A8 /* LoginCellViewModel.swift in Sources */,
				2243B0132AF9FADB009F80A8 /* UITableViewCell+Reusable.swift in Sources */,
				2243B0B52AFA267E009F80A8 /* SettingViewController.swift in Sources */,
				2243AFF72AF9F9BD009F80A8 /* NiblessNavigationController.swift in Sources */,
				2243B0332AFA165A009F80A8 /* JSONEntity.swift in Sources */,
				2243B02D2AFA1037009F80A8 /* ViewInitializable.swift in Sources */,
				2243B09D2AFA267D009F80A8 /* HomeViewModelImpl.swift in Sources */,
				2243B0212AFA06E8009F80A8 /* ModalNavigationRouter.swift in Sources */,
				2243B05C2AFA264B009F80A8 /* MainViewModel.swift in Sources */,
				2243B0AE2AFA267D009F80A8 /* ProductCoordinator.swift in Sources */,
				2243B09E2AFA267D009F80A8 /* HomeCoordinator.swift in Sources */,
				2243B0B02AFA267D009F80A8 /* ProductTableViewController.swift in Sources */,
				2243B00A2AF9FA99009F80A8 /* DeviceModel.swift in Sources */,
				2243B0092AF9FA99009F80A8 /* String+Size.swift in Sources */,
				2243B0052AF9FA99009F80A8 /* UIColor+Hex.swift in Sources */,
				2243B02B2AFA0FAD009F80A8 /* ViewModel.swift in Sources */,
				2243B0B22AFA267D009F80A8 /* SettingViewModel.swift in Sources */,
				2243B0082AF9FA99009F80A8 /* UIApplication+SafeArea.swift in Sources */,
				2243B0AF2AFA267D009F80A8 /* ProductEntity.swift in Sources */,
				2243B0602AFA264B009F80A8 /* MainViewController.swift in Sources */,
				2243B01F2AFA06E8009F80A8 /* Router.swift in Sources */,
				2243B03D2AFA1FA6009F80A8 /* CacheManager.swift in Sources */,
				2243B0992AFA267D009F80A8 /* AccountCoordinator.swift in Sources */,
				2243B04F2AFA227C009F80A8 /* GuideViewController.swift in Sources */,
				2243B0A02AFA267D009F80A8 /* HomeModelImpl.swift in Sources */,
				2243B0A62AFA267D009F80A8 /* LoginCoordinator.swift in Sources */,
				2243B0A42AFA267D009F80A8 /* LoginViewModel.swift in Sources */,
				2243B0072AF9FA99009F80A8 /* UIApplication+Run.swift in Sources */,
				2243B0A12AFA267D009F80A8 /* HomeViewController.swift in Sources */,
				2243B0A92AFA267D009F80A8 /* LoginViewController.swift in Sources */,
				2243B0B32AFA267D009F80A8 /* SettingComponent.swift in Sources */,
				2243B0B72AFA2727009F80A8 /* Cell.swift in Sources */,
				2243B0062AF9FA99009F80A8 /* UIImage+Color.swift in Sources */,
				2243B01E2AFA06E8009F80A8 /* NavigationRouter.swift in Sources */,
				2243B09C2AFA267D009F80A8 /* HomeViewModel.swift in Sources */,
				2243B0A32AFA267D009F80A8 /* LoginViewModelImpl.swift in Sources */,
				2243B0B12AFA267D009F80A8 /* ProductTableViewCell.swift in Sources */,
				2243B04C2AFA227C009F80A8 /* GuideViewModel.swift in Sources */,
				2243AFF62AF9F9BD009F80A8 /* NiblessTabBarController.swift in Sources */,
				2243B0A52AFA267D009F80A8 /* LoginCellViewModelImpl.swift in Sources */,
				2243AFF52AF9F9BD009F80A8 /* NiblessTableViewCell.swift in Sources */,
				2243B0352AFA1665009F80A8 /* Response+JSONEntityMapper.swift in Sources */,
				2243B0AA2AFA267D009F80A8 /* ProductCellViewModel.swift in Sources */,
				2243B09F2AFA267D009F80A8 /* HomeModel.swift in Sources */,
				2243B0202AFA06E8009F80A8 /* Coordinator.swift in Sources */,
				2243B0112AF9FADA009F80A8 /* Pullable.swift in Sources */,
				2243B0B42AFA267D009F80A8 /* SettingModel.swift in Sources */,
				2243AFF42AF9F9BD009F80A8 /* NiblessView.swift in Sources */,
				2243B04E2AFA227C009F80A8 /* GuideModel.swift in Sources */,
				2243AFD22AF9E3A8009F80A8 /* AppDelegate.swift in Sources */,
				2243B0BB2AFA277A009F80A8 /* CellViewModel.swift in Sources */,
				2243B0422AFA20B6009F80A8 /* API.swift in Sources */,
				2243B0122AF9FADB009F80A8 /* Reusable.swift in Sources */,
				2243B03E2AFA1FA6009F80A8 /* NetworkClient.swift in Sources */,
				2243B0AD2AFA267D009F80A8 /* ProductViewModel.swift in Sources */,
				2243B09B2AFA267D009F80A8 /* AccountViewController.swift in Sources */,
				2243AFF32AF9F9BD009F80A8 /* NiblessCollectionViewCell.swift in Sources */,
				2243B0252AFA0907009F80A8 /* UINavigationController+Combine.swift in Sources */,
				2243B09A2AFA267D009F80A8 /* AccountModel.swift in Sources */,
				2243B0372AFA1D20009F80A8 /* PrimitiveSequence+JSONEntityMapper.swift in Sources */,
				2243B0A82AFA267D009F80A8 /* LoginCell.swift in Sources */,
				2243B05E2AFA264B009F80A8 /* MainModelImpl.swift in Sources */,
				2243B0272AFA0DB4009F80A8 /* Entity.swift in Sources */,
				2243B0A72AFA267D009F80A8 /* LoginEntity.swift in Sources */,
				2243B05D2AFA264B009F80A8 /* MainCoordinator.swift in Sources */,
				2243AFF82AF9F9BD009F80A8 /* NiblessViewController.swift in Sources */,
				2243B0B92AFA276C009F80A8 /* ListViewModel.swift in Sources */,
				2243B0292AFA0F32009F80A8 /* View.swift in Sources */,
				2243B0AC2AFA267D009F80A8 /* ProductCellViewModelImpl.swift in Sources */,
				2243B0982AFA267D009F80A8 /* AccountViewModel.swift in Sources */,
				2243B00B2AF9FA99009F80A8 /* AutoScale.swift in Sources */,
				2243B05F2AFA264B009F80A8 /* MainModel.swift in Sources */,
				2243B0222AFA06E8009F80A8 /* AppDelegateRouter.swift in Sources */,
				2243B04D2AFA227C009F80A8 /* GuideCoordinator.swift in Sources */,
				2243B0AB2AFA267D009F80A8 /* ProductViewModelImpl.swift in Sources */,
				2243B05B2AFA264B009F80A8 /* MainViewModelImpl.swift in Sources */,
			);
			runOnlyForDeploymentPostprocessing = 0;
		};
/* End PBXSourcesBuildPhase section */

/* Begin PBXVariantGroup section */
		2243AFDC2AF9E3AA009F80A8 /* LaunchScreen.storyboard */ = {
			isa = PBXVariantGroup;
			children = (
				2243AFDD2AF9E3AA009F80A8 /* Base */,
			);
			name = LaunchScreen.storyboard;
			sourceTree = "<group>";
		};
/* End PBXVariantGroup section */

/* Begin XCBuildConfiguration section */
		2243AFE02AF9E3AA009F80A8 /* Debug */ = {
			isa = XCBuildConfiguration;
			buildSettings = {
				ALWAYS_SEARCH_USER_PATHS = NO;
				ASSETCATALOG_COMPILER_GENERATE_SWIFT_ASSET_SYMBOL_EXTENSIONS = YES;
				CLANG_ANALYZER_NONNULL = YES;
				CLANG_ANALYZER_NUMBER_OBJECT_CONVERSION = YES_AGGRESSIVE;
				CLANG_CXX_LANGUAGE_STANDARD = "gnu++20";
				CLANG_ENABLE_MODULES = YES;
				CLANG_ENABLE_OBJC_ARC = YES;
				CLANG_ENABLE_OBJC_WEAK = YES;
				CLANG_WARN_BLOCK_CAPTURE_AUTORELEASING = YES;
				CLANG_WARN_BOOL_CONVERSION = YES;
				CLANG_WARN_COMMA = YES;
				CLANG_WARN_CONSTANT_CONVERSION = YES;
				CLANG_WARN_DEPRECATED_OBJC_IMPLEMENTATIONS = YES;
				CLANG_WARN_DIRECT_OBJC_ISA_USAGE = YES_ERROR;
				CLANG_WARN_DOCUMENTATION_COMMENTS = YES;
				CLANG_WARN_EMPTY_BODY = YES;
				CLANG_WARN_ENUM_CONVERSION = YES;
				CLANG_WARN_INFINITE_RECURSION = YES;
				CLANG_WARN_INT_CONVERSION = YES;
				CLANG_WARN_NON_LITERAL_NULL_CONVERSION = YES;
				CLANG_WARN_OBJC_IMPLICIT_RETAIN_SELF = YES;
				CLANG_WARN_OBJC_LITERAL_CONVERSION = YES;
				CLANG_WARN_OBJC_ROOT_CLASS = YES_ERROR;
				CLANG_WARN_QUOTED_INCLUDE_IN_FRAMEWORK_HEADER = YES;
				CLANG_WARN_RANGE_LOOP_ANALYSIS = YES;
				CLANG_WARN_STRICT_PROTOTYPES = YES;
				CLANG_WARN_SUSPICIOUS_MOVE = YES;
				CLANG_WARN_UNGUARDED_AVAILABILITY = YES_AGGRESSIVE;
				CLANG_WARN_UNREACHABLE_CODE = YES;
				CLANG_WARN__DUPLICATE_METHOD_MATCH = YES;
				COPY_PHASE_STRIP = NO;
				DEBUG_INFORMATION_FORMAT = dwarf;
				ENABLE_STRICT_OBJC_MSGSEND = YES;
				ENABLE_TESTABILITY = YES;
				ENABLE_USER_SCRIPT_SANDBOXING = YES;
				GCC_C_LANGUAGE_STANDARD = gnu17;
				GCC_DYNAMIC_NO_PIC = NO;
				GCC_NO_COMMON_BLOCKS = YES;
				GCC_OPTIMIZATION_LEVEL = 0;
				GCC_PREPROCESSOR_DEFINITIONS = (
					"DEBUG=1",
					"$(inherited)",
				);
				GCC_WARN_64_TO_32_BIT_CONVERSION = YES;
				GCC_WARN_ABOUT_RETURN_TYPE = YES_ERROR;
				GCC_WARN_UNDECLARED_SELECTOR = YES;
				GCC_WARN_UNINITIALIZED_AUTOS = YES_AGGRESSIVE;
				GCC_WARN_UNUSED_FUNCTION = YES;
				GCC_WARN_UNUSED_VARIABLE = YES;
				INFOPLIST_FILE = "Combine-MVVM-C/Supporting Files/Info.plist";
				IPHONEOS_DEPLOYMENT_TARGET = 13.0;
				LOCALIZATION_PREFERS_STRING_CATALOGS = YES;
				MTL_ENABLE_DEBUG_INFO = INCLUDE_SOURCE;
				MTL_FAST_MATH = YES;
				ONLY_ACTIVE_ARCH = YES;
				SDKROOT = iphoneos;
				SWIFT_ACTIVE_COMPILATION_CONDITIONS = "DEBUG $(inherited)";
				SWIFT_OPTIMIZATION_LEVEL = "-Onone";
			};
			name = Debug;
		};
		2243AFE12AF9E3AA009F80A8 /* Release */ = {
			isa = XCBuildConfiguration;
			buildSettings = {
				ALWAYS_SEARCH_USER_PATHS = NO;
				ASSETCATALOG_COMPILER_GENERATE_SWIFT_ASSET_SYMBOL_EXTENSIONS = YES;
				CLANG_ANALYZER_NONNULL = YES;
				CLANG_ANALYZER_NUMBER_OBJECT_CONVERSION = YES_AGGRESSIVE;
				CLANG_CXX_LANGUAGE_STANDARD = "gnu++20";
				CLANG_ENABLE_MODULES = YES;
				CLANG_ENABLE_OBJC_ARC = YES;
				CLANG_ENABLE_OBJC_WEAK = YES;
				CLANG_WARN_BLOCK_CAPTURE_AUTORELEASING = YES;
				CLANG_WARN_BOOL_CONVERSION = YES;
				CLANG_WARN_COMMA = YES;
				CLANG_WARN_CONSTANT_CONVERSION = YES;
				CLANG_WARN_DEPRECATED_OBJC_IMPLEMENTATIONS = YES;
				CLANG_WARN_DIRECT_OBJC_ISA_USAGE = YES_ERROR;
				CLANG_WARN_DOCUMENTATION_COMMENTS = YES;
				CLANG_WARN_EMPTY_BODY = YES;
				CLANG_WARN_ENUM_CONVERSION = YES;
				CLANG_WARN_INFINITE_RECURSION = YES;
				CLANG_WARN_INT_CONVERSION = YES;
				CLANG_WARN_NON_LITERAL_NULL_CONVERSION = YES;
				CLANG_WARN_OBJC_IMPLICIT_RETAIN_SELF = YES;
				CLANG_WARN_OBJC_LITERAL_CONVERSION = YES;
				CLANG_WARN_OBJC_ROOT_CLASS = YES_ERROR;
				CLANG_WARN_QUOTED_INCLUDE_IN_FRAMEWORK_HEADER = YES;
				CLANG_WARN_RANGE_LOOP_ANALYSIS = YES;
				CLANG_WARN_STRICT_PROTOTYPES = YES;
				CLANG_WARN_SUSPICIOUS_MOVE = YES;
				CLANG_WARN_UNGUARDED_AVAILABILITY = YES_AGGRESSIVE;
				CLANG_WARN_UNREACHABLE_CODE = YES;
				CLANG_WARN__DUPLICATE_METHOD_MATCH = YES;
				COPY_PHASE_STRIP = NO;
				DEBUG_INFORMATION_FORMAT = "dwarf-with-dsym";
				ENABLE_NS_ASSERTIONS = NO;
				ENABLE_STRICT_OBJC_MSGSEND = YES;
				ENABLE_USER_SCRIPT_SANDBOXING = YES;
				GCC_C_LANGUAGE_STANDARD = gnu17;
				GCC_NO_COMMON_BLOCKS = YES;
				GCC_WARN_64_TO_32_BIT_CONVERSION = YES;
				GCC_WARN_ABOUT_RETURN_TYPE = YES_ERROR;
				GCC_WARN_UNDECLARED_SELECTOR = YES;
				GCC_WARN_UNINITIALIZED_AUTOS = YES_AGGRESSIVE;
				GCC_WARN_UNUSED_FUNCTION = YES;
				GCC_WARN_UNUSED_VARIABLE = YES;
				INFOPLIST_FILE = "Combine-MVVM-C/Supporting Files/Info.plist";
				IPHONEOS_DEPLOYMENT_TARGET = 13.0;
				LOCALIZATION_PREFERS_STRING_CATALOGS = YES;
				MTL_ENABLE_DEBUG_INFO = NO;
				MTL_FAST_MATH = YES;
				SDKROOT = iphoneos;
				SWIFT_COMPILATION_MODE = wholemodule;
				VALIDATE_PRODUCT = YES;
			};
			name = Release;
		};
		2243AFE32AF9E3AA009F80A8 /* Debug */ = {
			isa = XCBuildConfiguration;
			baseConfigurationReference = DF41791CAB1902EE959658B8 /* Pods-Combine-MVVM-C.debug.xcconfig */;
			buildSettings = {
				ASSETCATALOG_COMPILER_APPICON_NAME = AppIcon;
				ASSETCATALOG_COMPILER_GLOBAL_ACCENT_COLOR_NAME = AccentColor;
				CODE_SIGN_STYLE = Automatic;
				CURRENT_PROJECT_VERSION = 1;
				DEVELOPMENT_TEAM = P6962FWAKG;
				ENABLE_USER_SCRIPT_SANDBOXING = NO;
				GENERATE_INFOPLIST_FILE = YES;
				INFOPLIST_FILE = "Combine-MVVM-C/Info.plist";
				INFOPLIST_KEY_UIApplicationSupportsIndirectInputEvents = YES;
				INFOPLIST_KEY_UILaunchStoryboardName = LaunchScreen.storyboard;
				INFOPLIST_KEY_UISupportedInterfaceOrientations = UIInterfaceOrientationPortrait;
				INFOPLIST_KEY_UISupportedInterfaceOrientations_iPad = "UIInterfaceOrientationLandscapeLeft UIInterfaceOrientationLandscapeRight UIInterfaceOrientationPortrait UIInterfaceOrientationPortraitUpsideDown";
				IPHONEOS_DEPLOYMENT_TARGET = 13.0;
				LD_RUNPATH_SEARCH_PATHS = (
					"$(inherited)",
					"@executable_path/Frameworks",
				);
				MARKETING_VERSION = 1.0;
				PRODUCT_BUNDLE_IDENTIFIER = "com.infinity.Combine-MVVM-C";
				PRODUCT_NAME = "$(TARGET_NAME)";
				SUPPORTED_PLATFORMS = "iphoneos iphonesimulator";
				SUPPORTS_MACCATALYST = NO;
				SUPPORTS_MAC_DESIGNED_FOR_IPHONE_IPAD = NO;
				SWIFT_EMIT_LOC_STRINGS = YES;
				SWIFT_VERSION = 5.0;
				TARGETED_DEVICE_FAMILY = 1;
			};
			name = Debug;
		};
		2243AFE42AF9E3AA009F80A8 /* Release */ = {
			isa = XCBuildConfiguration;
			baseConfigurationReference = 321434222EBC0F4189465F9D /* Pods-Combine-MVVM-C.release.xcconfig */;
			buildSettings = {
				ASSETCATALOG_COMPILER_APPICON_NAME = AppIcon;
				ASSETCATALOG_COMPILER_GLOBAL_ACCENT_COLOR_NAME = AccentColor;
				CODE_SIGN_STYLE = Automatic;
				CURRENT_PROJECT_VERSION = 1;
				DEVELOPMENT_TEAM = P6962FWAKG;
				ENABLE_USER_SCRIPT_SANDBOXING = NO;
				GENERATE_INFOPLIST_FILE = YES;
				INFOPLIST_FILE = "Combine-MVVM-C/Info.plist";
				INFOPLIST_KEY_UIApplicationSupportsIndirectInputEvents = YES;
				INFOPLIST_KEY_UILaunchStoryboardName = LaunchScreen.storyboard;
				INFOPLIST_KEY_UISupportedInterfaceOrientations = UIInterfaceOrientationPortrait;
				INFOPLIST_KEY_UISupportedInterfaceOrientations_iPad = "UIInterfaceOrientationLandscapeLeft UIInterfaceOrientationLandscapeRight UIInterfaceOrientationPortrait UIInterfaceOrientationPortraitUpsideDown";
				IPHONEOS_DEPLOYMENT_TARGET = 13.0;
				LD_RUNPATH_SEARCH_PATHS = (
					"$(inherited)",
					"@executable_path/Frameworks",
				);
				MARKETING_VERSION = 1.0;
				PRODUCT_BUNDLE_IDENTIFIER = "com.infinity.Combine-MVVM-C";
				PRODUCT_NAME = "$(TARGET_NAME)";
				SUPPORTED_PLATFORMS = "iphoneos iphonesimulator";
				SUPPORTS_MACCATALYST = NO;
				SUPPORTS_MAC_DESIGNED_FOR_IPHONE_IPAD = NO;
				SWIFT_EMIT_LOC_STRINGS = YES;
				SWIFT_VERSION = 5.0;
				TARGETED_DEVICE_FAMILY = 1;
			};
			name = Release;
		};
/* End XCBuildConfiguration section */

/* Begin XCConfigurationList section */
		2243AFC92AF9E3A8009F80A8 /* Build configuration list for PBXProject "Combine-MVVM-C" */ = {
			isa = XCConfigurationList;
			buildConfigurations = (
				2243AFE02AF9E3AA009F80A8 /* Debug */,
				2243AFE12AF9E3AA009F80A8 /* Release */,
			);
			defaultConfigurationIsVisible = 0;
			defaultConfigurationName = Release;
		};
		2243AFE22AF9E3AA009F80A8 /* Build configuration list for PBXNativeTarget "Combine-MVVM-C" */ = {
			isa = XCConfigurationList;
			buildConfigurations = (
				2243AFE32AF9E3AA009F80A8 /* Debug */,
				2243AFE42AF9E3AA009F80A8 /* Release */,
			);
			defaultConfigurationIsVisible = 0;
			defaultConfigurationName = Release;
		};
/* End XCConfigurationList section */
	};
	rootObject = 2243AFC62AF9E3A8009F80A8 /* Project object */;
}
